# This file is autogenerated, do not edit; changes may be undone by the next 'dep ensure'.


[[projects]]
  branch = "master"
  name = "github.com/gopherjs/gopherjs"
  packages = ["js"]
  revision = "1daac00a5961469351b87e7ac223239c37938d2a"

[[projects]]
  name = "github.com/jtolds/gls"
  packages = ["."]
  revision = "77f18212c9c7edc9bd6a33d383a7b545ce62f064"
  version = "v4.2.1"

[[projects]]
  branch = "master"
  name = "github.com/nkovacs/gophermail"
  packages = ["."]
  revision = "ddfae54c0ce3a40956af270d53b471b58f0ec781"

[[projects]]
  branch = "master"
  name = "github.com/sloonz/go-qprintable"
  packages = ["."]
  revision = "775b3a4592d5bfc47b0ba398ec0d4dba018e5926"

[[projects]]
  name = "github.com/smartystreets/assertions"
  packages = [
    ".",
    "internal/go-render/render",
    "internal/oglematchers"
  ]
  revision = "7678a5452ebea5b7090a6b163f844c133f523da2"
  version = "1.8.3"

[[projects]]
  name = "github.com/smartystreets/goconvey"
  packages = [
    "convey",
    "convey/gotest",
    "convey/reporting"
  ]
  revision = "9e8dc3f972df6c8fcc0375ef492c24d0bb204857"
  version = "1.6.3"

[solve-meta]
  analyzer-name = "dep"
  analyzer-version = 1
  inputs-digest = "c49d23bff180aa0595808d310cb112bc1b1d939613520d99726540371654f13a"
  solver-name = "gps-cdcl"
  solver-version = 1
